
Microsoft Visual Studio Solution File, Format Version 12.00
# Visual Studio 2012
Project("{FAE04EC0-301F-11D3-BF4B-00C04F79EFBC}") = "UnityVS.MixGame.CSharp", "UnityVS.MixGame.CSharp.csproj", "{61EA5AB3-A811-1262-5843-6B77AB974BA4}"
EndProject
Project("{FAE04EC0-301F-11D3-BF4B-00C04F79EFBC}") = "UnityVS.MixGame.CSharp.Editor", "UnityVS.MixGame.CSharp.Editor.csproj", "{EC27449F-776E-7AEA-A8E2-796158A78954}"
EndProject
Global
	GlobalSection(SolutionConfigurationPlatforms) = preSolution
		Debug|Any CPU = Debug|Any CPU
		Release|Any CPU = Release|Any CPU
	EndGlobalSection
	GlobalSection(ProjectConfigurationPlatforms) = postSolution
		{61EA5AB3-A811-1262-5843-6B77AB974BA4}.Debug|Any CPU.ActiveCfg = Debug|Any CPU
		{61EA5AB3-A811-1262-5843-6B77AB974BA4}.Debug|Any CPU.Build.0 = Debug|Any CPU
		{61EA5AB3-A811-1262-5843-6B77AB974BA4}.Release|Any CPU.ActiveCfg = Release|Any CPU
		{61EA5AB3-A811-1262-5843-6B77AB974BA4}.Release|Any CPU.Build.0 = Release|Any CPU
		{EC27449F-776E-7AEA-A8E2-796158A78954}.Debug|Any CPU.ActiveCfg = Debug|Any CPU
		{EC27449F-776E-7AEA-A8E2-796158A78954}.Debug|Any CPU.Build.0 = Debug|Any CPU
		{EC27449F-776E-7AEA-A8E2-796158A78954}.Release|Any CPU.ActiveCfg = Release|Any CPU
		{EC27449F-776E-7AEA-A8E2-796158A78954}.Release|Any CPU.Build.0 = Release|Any CPU
	EndGlobalSection
	GlobalSection(SolutionProperties) = preSolution
		HideSolutionNode = FALSE
	EndGlobalSection
EndGlobal
